// !$*UTF8*$!
{
	archiveVersion = 1;
	classes = {
	};
	objectVersion = 56;
	objects = {

/* Begin PBXBuildFile section */
		8B4962452A47D9D7000932BC /* Calculator03App.swift in Sources */ = {isa = PBXBuildFile; fileRef = 8B4962442A47D9D7000932BC /* Calculator03App.swift */; };
		8B4962472A47D9D7000932BC /* ContentView.swift in Sources */ = {isa = PBXBuildFile; fileRef = 8B4962462A47D9D7000932BC /* ContentView.swift */; };
		8B4962492A47D9D8000932BC /* Assets.xcassets in Resources */ = {isa = PBXBuildFile; fileRef = 8B4962482A47D9D8000932BC /* Assets.xcassets */; };
		8B49624C2A47D9D8000932BC /* Preview Assets.xcassets in Resources */ = {isa = PBXBuildFile; fileRef = 8B49624B2A47D9D8000932BC /* Preview Assets.xcassets */; };
		8B4962562A47D9D8000932BC /* Calculator03Tests.swift in Sources */ = {isa = PBXBuildFile; fileRef = 8B4962552A47D9D8000932BC /* Calculator03Tests.swift */; };
		8B4962602A47D9D8000932BC /* Calculator03UITests.swift in Sources */ = {isa = PBXBuildFile; fileRef = 8B49625F2A47D9D8000932BC /* Calculator03UITests.swift */; };
		8B4962622A47D9D8000932BC /* Calculator03UITestsLaunchTests.swift in Sources */ = {isa = PBXBuildFile; fileRef = 8B4962612A47D9D8000932BC /* Calculator03UITestsLaunchTests.swift */; };
/* End PBXBuildFile section */

/* Begin PBXContainerItemProxy section */
		8B4962522A47D9D8000932BC /* PBXContainerItemProxy */ = {
			isa = PBXContainerItemProxy;
			containerPortal = 8B4962392A47D9D7000932BC /* Project object */;
			proxyType = 1;
			remoteGlobalIDString = 8B4962402A47D9D7000932BC;
			remoteInfo = Calculator03;
		};
		8B49625C2A47D9D8000932BC /* PBXContainerItemProxy */ = {
			isa = PBXContainerItemProxy;
			containerPortal = 8B4962392A47D9D7000932BC /* Project object */;
			proxyType = 1;
			remoteGlobalIDString = 8B4962402A47D9D7000932BC;
			remoteInfo = Calculator03;
		};
/* End PBXContainerItemProxy section */

/* Begin PBXFileReference section */
		8B4962412A47D9D7000932BC /* Calculator03.app */ = {isa = PBXFileReference; explicitFileType = wrapper.application; includeInIndex = 0; path = Calculator03.app; sourceTree = BUILT_PRODUCTS_DIR; };
		8B4962442A47D9D7000932BC /* Calculator03App.swift */ = {isa = PBXFileReference; lastKnownFileType = sourcecode.swift; path = Calculator03App.swift; sourceTree = "<group>"; };
		8B4962462A47D9D7000932BC /* ContentView.swift */ = {isa = PBXFileReference; lastKnownFileType = sourcecode.swift; path = ContentView.swift; sourceTree = "<group>"; };
		8B4962482A47D9D8000932BC /* Assets.xcassets */ = {isa = PBXFileReference; lastKnownFileType = folder.assetcatalog; path = Assets.xcassets; sourceTree = "<group>"; };
		8B49624B2A47D9D8000932BC /* Preview Assets.xcassets */ = {isa = PBXFileReference; lastKnownFileType = folder.assetcatalog; path = "Preview Assets.xcassets"; sourceTree = "<group>"; };
		8B4962512A47D9D8000932BC /* Calculator03Tests.xctest */ = {isa = PBXFileReference; explicitFileType = wrapper.cfbundle; includeInIndex = 0; path = Calculator03Tests.xctest; sourceTree = BUILT_PRODUCTS_DIR; };
		8B4962552A47D9D8000932BC /* Calculator03Tests.swift */ = {isa = PBXFileReference; lastKnownFileType = sourcecode.swift; path = Calculator03Tests.swift; sourceTree = "<group>"; };
		8B49625B2A47D9D8000932BC /* Calculator03UITests.xctest */ = {isa = PBXFileReference; explicitFileType = wrapper.cfbundle; includeInIndex = 0; path = Calculator03UITests.xctest; sourceTree = BUILT_PRODUCTS_DIR; };
		8B49625F2A47D9D8000932BC /* Calculator03UITests.swift */ = {isa = PBXFileReference; lastKnownFileType = sourcecode.swift; path = Calculator03UITests.swift; sourceTree = "<group>"; };
		8B4962612A47D9D8000932BC /* Calculator03UITestsLaunchTests.swift */ = {isa = PBXFileReference; lastKnownFileType = sourcecode.swift; path = Calculator03UITestsLaunchTests.swift; sourceTree = "<group>"; };
/* End PBXFileReference section */

/* Begin PBXFrameworksBuildPhase section */
		8B49623E2A47D9D7000932BC /* Frameworks */ = {
			isa = PBXFrameworksBuildPhase;
			buildActionMask = 2147483647;
			files = (
			);
			runOnlyForDeploymentPostprocessing = 0;
		};
		8B49624E2A47D9D8000932BC /* Frameworks */ = {
			isa = PBXFrameworksBuildPhase;
			buildActionMask = 2147483647;
			files = (
			);
			runOnlyForDeploymentPostprocessing = 0;
		};
		8B4962582A47D9D8000932BC /* Frameworks */ = {
			isa = PBXFrameworksBuildPhase;
			buildActionMask = 2147483647;
			files = (
			);
			runOnlyForDeploymentPostprocessing = 0;
		};
/* End PBXFrameworksBuildPhase section */

/* Begin PBXGroup section */
		8B4962382A47D9D7000932BC = {
			isa = PBXGroup;
			children = (
				8B4962432A47D9D7000932BC /* Calculator03 */,
				8B4962542A47D9D8000932BC /* Calculator03Tests */,
				8B49625E2A47D9D8000932BC /* Calculator03UITests */,
				8B4962422A47D9D7000932BC /* Products */,
			);
			sourceTree = "<group>";
		};
		8B4962422A47D9D7000932BC /* Products */ = {
			isa = PBXGroup;
			children = (
				8B4962412A47D9D7000932BC /* Calculator03.app */,
				8B4962512A47D9D8000932BC /* Calculator03Tests.xctest */,
				8B49625B2A47D9D8000932BC /* Calculator03UITests.xctest */,
			);
			name = Products;
			sourceTree = "<group>";
		};
		8B4962432A47D9D7000932BC /* Calculator03 */ = {
			isa = PBXGroup;
			children = (
				8B4962442A47D9D7000932BC /* Calculator03App.swift */,
				8B4962462A47D9D7000932BC /* ContentView.swift */,
				8B4962482A47D9D8000932BC /* Assets.xcassets */,
				8B49624A2A47D9D8000932BC /* Preview Content */,
			);
			path = Calculator03;
			sourceTree = "<group>";
		};
		8B49624A2A47D9D8000932BC /* Preview Content */ = {
			isa = PBXGroup;
			children = (
				8B49624B2A47D9D8000932BC /* Preview Assets.xcassets */,
			);
			path = "Preview Content";
			sourceTree = "<group>";
		};
		8B4962542A47D9D8000932BC /* Calculator03Tests */ = {
			isa = PBXGroup;
			children = (
				8B4962552A47D9D8000932BC /* Calculator03Tests.swift */,
			);
			path = Calculator03Tests;
			sourceTree = "<group>";
		};
		8B49625E2A47D9D8000932BC /* Calculator03UITests */ = {
			isa = PBXGroup;
			children = (
				8B49625F2A47D9D8000932BC /* Calculator03UITests.swift */,
				8B4962612A47D9D8000932BC /* Calculator03UITestsLaunchTests.swift */,
			);
			path = Calculator03UITests;
			sourceTree = "<group>";
		};
/* End PBXGroup section */

/* Begin PBXNativeTarget section */
		8B4962402A47D9D7000932BC /* Calculator03 */ = {
			isa = PBXNativeTarget;
			buildConfigurationList = 8B4962652A47D9D8000932BC /* Build configuration list for PBXNativeTarget "Calculator03" */;
			buildPhases = (
				8B49623D2A47D9D7000932BC /* Sources */,
				8B49623E2A47D9D7000932BC /* Frameworks */,
				8B49623F2A47D9D7000932BC /* Resources */,
			);
			buildRules = (
			);
			dependencies = (
			);
			name = Calculator03;
			productName = Calculator03;
			productReference = 8B4962412A47D9D7000932BC /* Calculator03.app */;
			productType = "com.apple.product-type.application";
		};
		8B4962502A47D9D8000932BC /* Calculator03Tests */ = {
			isa = PBXNativeTarget;
			buildConfigurationList = 8B4962682A47D9D8000932BC /* Build configuration list for PBXNativeTarget "Calculator03Tests" */;
			buildPhases = (
				8B49624D2A47D9D8000932BC /* Sources */,
				8B49624E2A47D9D8000932BC /* Frameworks */,
				8B49624F2A47D9D8000932BC /* Resources */,
			);
			buildRules = (
			);
			dependencies = (
				8B4962532A47D9D8000932BC /* PBXTargetDependency */,
			);
			name = Calculator03Tests;
			productName = Calculator03Tests;
			productReference = 8B4962512A47D9D8000932BC /* Calculator03Tests.xctest */;
			productType = "com.apple.product-type.bundle.unit-test";
		};
		8B49625A2A47D9D8000932BC /* Calculator03UITests */ = {
			isa = PBXNativeTarget;
			buildConfigurationList = 8B49626B2A47D9D8000932BC /* Build configuration list for PBXNativeTarget "Calculator03UITests" */;
			buildPhases = (
				8B4962572A47D9D8000932BC /* Sources */,
				8B4962582A47D9D8000932BC /* Frameworks */,
				8B4962592A47D9D8000932BC /* Resources */,
			);
			buildRules = (
			);
			dependencies = (
				8B49625D2A47D9D8000932BC /* PBXTargetDependency */,
			);
			name = Calculator03UITests;
			productName = Calculator03UITests;
			productReference = 8B49625B2A47D9D8000932BC /* Calculator03UITests.xctest */;
			productType = "com.apple.product-type.bundle.ui-testing";
		};
/* End PBXNativeTarget section */

/* Begin PBXProject section */
		8B4962392A47D9D7000932BC /* Project object */ = {
			isa = PBXProject;
			attributes = {
				BuildIndependentTargetsInParallel = 1;
				LastSwiftUpdateCheck = 1430;
				LastUpgradeCheck = 1430;
				TargetAttributes = {
					8B4962402A47D9D7000932BC = {
						CreatedOnToolsVersion = 14.3.1;
					};
					8B4962502A47D9D8000932BC = {
						CreatedOnToolsVersion = 14.3.1;
						TestTargetID = 8B4962402A47D9D7000932BC;
					};
					8B49625A2A47D9D8000932BC = {
						CreatedOnToolsVersion = 14.3.1;
						TestTargetID = 8B4962402A47D9D7000932BC;
					};
				};
			};
			buildConfigurationList = 8B49623C2A47D9D7000932BC /* Build configuration list for PBXProject "Calculator03" */;
			compatibilityVersion = "Xcode 14.0";
			developmentRegion = en;
			hasScannedForEncodings = 0;
			knownRegions = (
				en,
				Base,
			);
			mainGroup = 8B4962382A47D9D7000932BC;
			productRefGroup = 8B4962422A47D9D7000932BC /* Products */;
			projectDirPath = "";
			projectRoot = "";
			targets = (
				8B4962402A47D9D7000932BC /* Calculator03 */,
				8B4962502A47D9D8000932BC /* Calculator03Tests */,
				8B49625A2A47D9D8000932BC /* Calculator03UITests */,
			);
		};
/* End PBXProject section */

/* Begin PBXResourcesBuildPhase section */
		8B49623F2A47D9D7000932BC /* Resources */ = {
			isa = PBXResourcesBuildPhase;
			buildActionMask = 2147483647;
			files = (
				8B49624C2A47D9D8000932BC /* Preview Assets.xcassets in Resources */,
				8B4962492A47D9D8000932BC /* Assets.xcassets in Resources */,
			);
			runOnlyForDeploymentPostprocessing = 0;
		};
		8B49624F2A47D9D8000932BC /* Resources */ = {
			isa = PBXResourcesBuildPhase;
			buildActionMask = 2147483647;
			files = (
			);
			runOnlyForDeploymentPostprocessing = 0;
		};
		8B4962592A47D9D8000932BC /* Resources */ = {
			isa = PBXResourcesBuildPhase;
			buildActionMask = 2147483647;
			files = (
			);
			runOnlyForDeploymentPostprocessing = 0;
		};
/* End PBXResourcesBuildPhase section */

/* Begin PBXSourcesBuildPhase section */
		8B49623D2A47D9D7000932BC /* Sources */ = {
			isa = PBXSourcesBuildPhase;
			buildActionMask = 2147483647;
			files = (
				8B4962472A47D9D7000932BC /* ContentView.swift in Sources */,
				8B4962452A47D9D7000932BC /* Calculator03App.swift in Sources */,
			);
			runOnlyForDeploymentPostprocessing = 0;
		};
		8B49624D2A47D9D8000932BC /* Sources */ = {
			isa = PBXSourcesBuildPhase;
			buildActionMask = 2147483647;
			files = (
				8B4962562A47D9D8000932BC /* Calculator03Tests.swift in Sources */,
			);
			runOnlyForDeploymentPostprocessing = 0;
		};
		8B4962572A47D9D8000932BC /* Sources */ = {
			isa = PBXSourcesBuildPhase;
			buildActionMask = 2147483647;
			files = (
				8B4962602A47D9D8000932BC /* Calculator03UITests.swift in Sources */,
				8B4962622A47D9D8000932BC /* Calculator03UITestsLaunchTests.swift in Sources */,
			);
			runOnlyForDeploymentPostprocessing = 0;
		};
/* End PBXSourcesBuildPhase section */

/* Begin PBXTargetDependency section */
		8B4962532A47D9D8000932BC /* PBXTargetDependency */ = {
			isa = PBXTargetDependency;
			target = 8B4962402A47D9D7000932BC /* Calculator03 */;
			targetProxy = 8B4962522A47D9D8000932BC /* PBXContainerItemProxy */;
		};
		8B49625D2A47D9D8000932BC /* PBXTargetDependency */ = {
			isa = PBXTargetDependency;
			target = 8B4962402A47D9D7000932BC /* Calculator03 */;
			targetProxy = 8B49625C2A47D9D8000932BC /* PBXContainerItemProxy */;
		};
/* End PBXTargetDependency section */

/* Begin XCBuildConfiguration section */
		8B4962632A47D9D8000932BC /* Debug */ = {
			isa = XCBuildConfiguration;
			buildSettings = {
				ALWAYS_SEARCH_USER_PATHS = NO;
				CLANG_ANALYZER_NONNULL = YES;
				CLANG_ANALYZER_NUMBER_OBJECT_CONVERSION = YES_AGGRESSIVE;
				CLANG_CXX_LANGUAGE_STANDARD = "gnu++20";
				CLANG_ENABLE_MODULES = YES;
				CLANG_ENABLE_OBJC_ARC = YES;
				CLANG_ENABLE_OBJC_WEAK = YES;
				CLANG_WARN_BLOCK_CAPTURE_AUTORELEASING = YES;
				CLANG_WARN_BOOL_CONVERSION = YES;
				CLANG_WARN_COMMA = YES;
				CLANG_WARN_CONSTANT_CONVERSION = YES;
				CLANG_WARN_DEPRECATED_OBJC_IMPLEMENTATIONS = YES;
				CLANG_WARN_DIRECT_OBJC_ISA_USAGE = YES_ERROR;
				CLANG_WARN_DOCUMENTATION_COMMENTS = YES;
				CLANG_WARN_EMPTY_BODY = YES;
				CLANG_WARN_ENUM_CONVERSION = YES;
				CLANG_WARN_INFINITE_RECURSION = YES;
				CLANG_WARN_INT_CONVERSION = YES;
				CLANG_WARN_NON_LITERAL_NULL_CONVERSION = YES;
				CLANG_WARN_OBJC_IMPLICIT_RETAIN_SELF = YES;
				CLANG_WARN_OBJC_LITERAL_CONVERSION = YES;
				CLANG_WARN_OBJC_ROOT_CLASS = YES_ERROR;
				CLANG_WARN_QUOTED_INCLUDE_IN_FRAMEWORK_HEADER = YES;
				CLANG_WARN_RANGE_LOOP_ANALYSIS = YES;
				CLANG_WARN_STRICT_PROTOTYPES = YES;
				CLANG_WARN_SUSPICIOUS_MOVE = YES;
				CLANG_WARN_UNGUARDED_AVAILABILITY = YES_AGGRESSIVE;
				CLANG_WARN_UNREACHABLE_CODE = YES;
				CLANG_WARN__DUPLICATE_METHOD_MATCH = YES;
				COPY_PHASE_STRIP = NO;
				DEBUG_INFORMATION_FORMAT = dwarf;
				ENABLE_STRICT_OBJC_MSGSEND = YES;
				ENABLE_TESTABILITY = YES;
				GCC_C_LANGUAGE_STANDARD = gnu11;
				GCC_DYNAMIC_NO_PIC = NO;
				GCC_NO_COMMON_BLOCKS = YES;
				GCC_OPTIMIZATION_LEVEL = 0;
				GCC_PREPROCESSOR_DEFINITIONS = (
					"DEBUG=1",
					"$(inherited)",
				);
				GCC_WARN_64_TO_32_BIT_CONVERSION = YES;
				GCC_WARN_ABOUT_RETURN_TYPE = YES_ERROR;
				GCC_WARN_UNDECLARED_SELECTOR = YES;
				GCC_WARN_UNINITIALIZED_AUTOS = YES_AGGRESSIVE;
				GCC_WARN_UNUSED_FUNCTION = YES;
				GCC_WARN_UNUSED_VARIABLE = YES;
				IPHONEOS_DEPLOYMENT_TARGET = 16.4;
				MTL_ENABLE_DEBUG_INFO = INCLUDE_SOURCE;
				MTL_FAST_MATH = YES;
				ONLY_ACTIVE_ARCH = YES;
				SDKROOT = iphoneos;
				SWIFT_ACTIVE_COMPILATION_CONDITIONS = DEBUG;
				SWIFT_OPTIMIZATION_LEVEL = "-Onone";
			};
			name = Debug;
		};
		8B4962642A47D9D8000932BC /* Release */ = {
			isa = XCBuildConfiguration;
			buildSettings = {
				ALWAYS_SEARCH_USER_PATHS = NO;
				CLANG_ANALYZER_NONNULL = YES;
				CLANG_ANALYZER_NUMBER_OBJECT_CONVERSION = YES_AGGRESSIVE;
				CLANG_CXX_LANGUAGE_STANDARD = "gnu++20";
				CLANG_ENABLE_MODULES = YES;
				CLANG_ENABLE_OBJC_ARC = YES;
				CLANG_ENABLE_OBJC_WEAK = YES;
				CLANG_WARN_BLOCK_CAPTURE_AUTORELEASING = YES;
				CLANG_WARN_BOOL_CONVERSION = YES;
				CLANG_WARN_COMMA = YES;
				CLANG_WARN_CONSTANT_CONVERSION = YES;
				CLANG_WARN_DEPRECATED_OBJC_IMPLEMENTATIONS = YES;
				CLANG_WARN_DIRECT_OBJC_ISA_USAGE = YES_ERROR;
				CLANG_WARN_DOCUMENTATION_COMMENTS = YES;
				CLANG_WARN_EMPTY_BODY = YES;
				CLANG_WARN_ENUM_CONVERSION = YES;
				CLANG_WARN_INFINITE_RECURSION = YES;
				CLANG_WARN_INT_CONVERSION = YES;
				CLANG_WARN_NON_LITERAL_NULL_CONVERSION = YES;
				CLANG_WARN_OBJC_IMPLICIT_RETAIN_SELF = YES;
				CLANG_WARN_OBJC_LITERAL_CONVERSION = YES;
				CLANG_WARN_OBJC_ROOT_CLASS = YES_ERROR;
				CLANG_WARN_QUOTED_INCLUDE_IN_FRAMEWORK_HEADER = YES;
				CLANG_WARN_RANGE_LOOP_ANALYSIS = YES;
				CLANG_WARN_STRICT_PROTOTYPES = YES;
				CLANG_WARN_SUSPICIOUS_MOVE = YES;
				CLANG_WARN_UNGUARDED_AVAILABILITY = YES_AGGRESSIVE;
				CLANG_WARN_UNREACHABLE_CODE = YES;
				CLANG_WARN__DUPLICATE_METHOD_MATCH = YES;
				COPY_PHASE_STRIP = NO;
				DEBUG_INFORMATION_FORMAT = "dwarf-with-dsym";
				ENABLE_NS_ASSERTIONS = NO;
				ENABLE_STRICT_OBJC_MSGSEND = YES;
				GCC_C_LANGUAGE_STANDARD = gnu11;
				GCC_NO_COMMON_BLOCKS = YES;
				GCC_WARN_64_TO_32_BIT_CONVERSION = YES;
				GCC_WARN_ABOUT_RETURN_TYPE = YES_ERROR;
				GCC_WARN_UNDECLARED_SELECTOR = YES;
				GCC_WARN_UNINITIALIZED_AUTOS = YES_AGGRESSIVE;
				GCC_WARN_UNUSED_FUNCTION = YES;
				GCC_WARN_UNUSED_VARIABLE = YES;
				IPHONEOS_DEPLOYMENT_TARGET = 16.4;
				MTL_ENABLE_DEBUG_INFO = NO;
				MTL_FAST_MATH = YES;
				SDKROOT = iphoneos;
				SWIFT_COMPILATION_MODE = wholemodule;
				SWIFT_OPTIMIZATION_LEVEL = "-O";
				VALIDATE_PRODUCT = YES;
			};
			name = Release;
		};
		8B4962662A47D9D8000932BC /* Debug */ = {
			isa = XCBuildConfiguration;
			buildSettings = {
				ASSETCATALOG_COMPILER_APPICON_NAME = AppIcon;
				ASSETCATALOG_COMPILER_GLOBAL_ACCENT_COLOR_NAME = AccentColor;
				CODE_SIGN_STYLE = Automatic;
				CURRENT_PROJECT_VERSION = 1;
				DEVELOPMENT_ASSET_PATHS = "\"Calculator03/Preview Content\"";
				DEVELOPMENT_TEAM = T5LB466L5W;
				ENABLE_PREVIEWS = YES;
				GENERATE_INFOPLIST_FILE = YES;
				INFOPLIST_KEY_UIApplicationSceneManifest_Generation = YES;
				INFOPLIST_KEY_UIApplicationSupportsIndirectInputEvents = YES;
				INFOPLIST_KEY_UILaunchScreen_Generation = YES;
				INFOPLIST_KEY_UISupportedInterfaceOrientations_iPad = "UIInterfaceOrientationPortrait UIInterfaceOrientationPortraitUpsideDown UIInterfaceOrientationLandscapeLeft UIInterfaceOrientationLandscapeRight";
				INFOPLIST_KEY_UISupportedInterfaceOrientations_iPhone = "UIInterfaceOrientationPortrait UIInterfaceOrientationLandscapeLeft UIInterfaceOrientationLandscapeRight";
				LD_RUNPATH_SEARCH_PATHS = (
					"$(inherited)",
					"@executable_path/Frameworks",
				);
				MARKETING_VERSION = 1.0;
				PRODUCT_BUNDLE_IDENTIFIER = home.Calculator03;
				PRODUCT_NAME = "$(TARGET_NAME)";
				SWIFT_EMIT_LOC_STRINGS = YES;
				SWIFT_VERSION = 5.0;
				TARGETED_DEVICE_FAMILY = "1,2";
			};
			name = Debug;
		};
		8B4962672A47D9D8000932BC /* Release */ = {
			isa = XCBuildConfiguration;
			buildSettings = {
				ASSETCATALOG_COMPILER_APPICON_NAME = AppIcon;
				ASSETCATALOG_COMPILER_GLOBAL_ACCENT_COLOR_NAME = AccentColor;
				CODE_SIGN_STYLE = Automatic;
				CURRENT_PROJECT_VERSION = 1;
				DEVELOPMENT_ASSET_PATHS = "\"Calculator03/Preview Content\"";
				DEVELOPMENT_TEAM = T5LB466L5W;
				ENABLE_PREVIEWS = YES;
				GENERATE_INFOPLIST_FILE = YES;
				INFOPLIST_KEY_UIApplicationSceneManifest_Generation = YES;
				INFOPLIST_KEY_UIApplicationSupportsIndirectInputEvents = YES;
				INFOPLIST_KEY_UILaunchScreen_Generation = YES;
				INFOPLIST_KEY_UISupportedInterfaceOrientations_iPad = "UIInterfaceOrientationPortrait UIInterfaceOrientationPortraitUpsideDown UIInterfaceOrientationLandscapeLeft UIInterfaceOrientationLandscapeRight";
				INFOPLIST_KEY_UISupportedInterfaceOrientations_iPhone = "UIInterfaceOrientationPortrait UIInterfaceOrientationLandscapeLeft UIInterfaceOrientationLandscapeRight";
				LD_RUNPATH_SEARCH_PATHS = (
					"$(inherited)",
					"@executable_path/Frameworks",
				);
				MARKETING_VERSION = 1.0;
				PRODUCT_BUNDLE_IDENTIFIER = home.Calculator03;
				PRODUCT_NAME = "$(TARGET_NAME)";
				SWIFT_EMIT_LOC_STRINGS = YES;
				SWIFT_VERSION = 5.0;
				TARGETED_DEVICE_FAMILY = "1,2";
			};
			name = Release;
		};
		8B4962692A47D9D8000932BC /* Debug */ = {
			isa = XCBuildConfiguration;
			buildSettings = {
				ALWAYS_EMBED_SWIFT_STANDARD_LIBRARIES = YES;
				BUNDLE_LOADER = "$(TEST_HOST)";
				CODE_SIGN_STYLE = Automatic;
				CURRENT_PROJECT_VERSION = 1;
				DEVELOPMENT_TEAM = T5LB466L5W;
				GENERATE_INFOPLIST_FILE = YES;
				IPHONEOS_DEPLOYMENT_TARGET = 16.4;
				MARKETING_VERSION = 1.0;
				PRODUCT_BUNDLE_IDENTIFIER = home.Calculator03Tests;
				PRODUCT_NAME = "$(TARGET_NAME)";
				SWIFT_EMIT_LOC_STRINGS = NO;
				SWIFT_VERSION = 5.0;
				TARGETED_DEVICE_FAMILY = "1,2";
				TEST_HOST = "$(BUILT_PRODUCTS_DIR)/Calculator03.app/$(BUNDLE_EXECUTABLE_FOLDER_PATH)/Calculator03";
			};
			name = Debug;
		};
		8B49626A2A47D9D8000932BC /* Release */ = {
			isa = XCBuildConfiguration;
			buildSettings = {
				ALWAYS_EMBED_SWIFT_STANDARD_LIBRARIES = YES;
				BUNDLE_LOADER = "$(TEST_HOST)";
				CODE_SIGN_STYLE = Automatic;
				CURRENT_PROJECT_VERSION = 1;
				DEVELOPMENT_TEAM = T5LB466L5W;
				GENERATE_INFOPLIST_FILE = YES;
				IPHONEOS_DEPLOYMENT_TARGET = 16.4;
				MARKETING_VERSION = 1.0;
				PRODUCT_BUNDLE_IDENTIFIER = home.Calculator03Tests;
				PRODUCT_NAME = "$(TARGET_NAME)";
				SWIFT_EMIT_LOC_STRINGS = NO;
				SWIFT_VERSION = 5.0;
				TARGETED_DEVICE_FAMILY = "1,2";
				TEST_HOST = "$(BUILT_PRODUCTS_DIR)/Calculator03.app/$(BUNDLE_EXECUTABLE_FOLDER_PATH)/Calculator03";
			};
			name = Release;
		};
		8B49626C2A47D9D8000932BC /* Debug */ = {
			isa = XCBuildConfiguration;
			buildSettings = {
				ALWAYS_EMBED_SWIFT_STANDARD_LIBRARIES = YES;
				CODE_SIGN_STYLE = Automatic;
				CURRENT_PROJECT_VERSION = 1;
				DEVELOPMENT_TEAM = T5LB466L5W;
				GENERATE_INFOPLIST_FILE = YES;
				MARKETING_VERSION = 1.0;
				PRODUCT_BUNDLE_IDENTIFIER = home.Calculator03UITests;
				PRODUCT_NAME = "$(TARGET_NAME)";
				SWIFT_EMIT_LOC_STRINGS = NO;
				SWIFT_VERSION = 5.0;
				TARGETED_DEVICE_FAMILY = "1,2";
				TEST_TARGET_NAME = Calculator03;
			};
			name = Debug;
		};
		8B49626D2A47D9D8000932BC /* Release */ = {
			isa = XCBuildConfiguration;
			buildSettings = {
				ALWAYS_EMBED_SWIFT_STANDARD_LIBRARIES = YES;
				CODE_SIGN_STYLE = Automatic;
				CURRENT_PROJECT_VERSION = 1;
				DEVELOPMENT_TEAM = T5LB466L5W;
				GENERATE_INFOPLIST_FILE = YES;
				MARKETING_VERSION = 1.0;
				PRODUCT_BUNDLE_IDENTIFIER = home.Calculator03UITests;
				PRODUCT_NAME = "$(TARGET_NAME)";
				SWIFT_EMIT_LOC_STRINGS = NO;
				SWIFT_VERSION = 5.0;
				TARGETED_DEVICE_FAMILY = "1,2";
				TEST_TARGET_NAME = Calculator03;
			};
			name = Release;
		};
/* End XCBuildConfiguration section */

/* Begin XCConfigurationList section */
		8B49623C2A47D9D7000932BC /* Build configuration list for PBXProject "Calculator03" */ = {
			isa = XCConfigurationList;
			buildConfigurations = (
				8B4962632A47D9D8000932BC /* Debug */,
				8B4962642A47D9D8000932BC /* Release */,
			);
			defaultConfigurationIsVisible = 0;
			defaultConfigurationName = Release;
		};
		8B4962652A47D9D8000932BC /* Build configuration list for PBXNativeTarget "Calculator03" */ = {
			isa = XCConfigurationList;
			buildConfigurations = (
				8B4962662A47D9D8000932BC /* Debug */,
				8B4962672A47D9D8000932BC /* Release */,
			);
			defaultConfigurationIsVisible = 0;
			defaultConfigurationName = Release;
		};
		8B4962682A47D9D8000932BC /* Build configuration list for PBXNativeTarget "Calculator03Tests" */ = {
			isa = XCConfigurationList;
			buildConfigurations = (
				8B4962692A47D9D8000932BC /* Debug */,
				8B49626A2A47D9D8000932BC /* Release */,
			);
			defaultConfigurationIsVisible = 0;
			defaultConfigurationName = Release;
		};
		8B49626B2A47D9D8000932BC /* Build configuration list for PBXNativeTarget "Calculator03UITests" */ = {
			isa = XCConfigurationList;
			buildConfigurations = (
				8B49626C2A47D9D8000932BC /* Debug */,
				8B49626D2A47D9D8000932BC /* Release */,
			);
			defaultConfigurationIsVisible = 0;
			defaultConfigurationName = Release;
		};
/* End XCConfigurationList section */
	};
	rootObject = 8B4962392A47D9D7000932BC /* Project object */;
}
